
Microsoft Visual Studio Solution File, Format Version 12.00
# Visual Studio Version 17
VisualStudioVersion = 17.6.33829.357
MinimumVisualStudioVersion = 10.0.40219.1
Project("{FAE04EC0-301F-11D3-BF4B-00C04F79EFBC}") = "SortingHatBot", "SortingHatBot\SortingHatBot.csproj", "{35A79A56-B917-4939-9654-32AA1FDE2DDD}"
EndProject
Global
	GlobalSection(SolutionConfigurationPlatforms) = preSolution
		Debug|Any CPU = Debug|Any CPU
		Release|Any CPU = Release|Any CPU
	EndGlobalSection
	GlobalSection(ProjectConfigurationPlatforms) = postSolution
		{35A79A56-B917-4939-9654-32AA1FDE2DDD}.Debug|Any CPU.ActiveCfg = Debug|Any CPU
		{35A79A56-B917-4939-9654-32AA1FDE2DDD}.Debug|Any CPU.Build.0 = Debug|Any CPU
		{35A79A56-B917-4939-9654-32AA1FDE2DDD}.Release|Any CPU.ActiveCfg = Release|Any CPU
		{35A79A56-B917-4939-9654-32AA1FDE2DDD}.Release|Any CPU.Build.0 = Release|Any CPU
	EndGlobalSection
	GlobalSection(SolutionProperties) = preSolution
		HideSolutionNode = FALSE
	EndGlobalSection
	GlobalSection(ExtensibilityGlobals) = postSolution
		SolutionGuid = {593BBA08-08F1-4965-9AFD-CEBEB9A9763E}
	EndGlobalSection
EndGlobal
